
Microsoft Visual Studio Solution File, Format Version 12.00
# Visual Studio Version 17
VisualStudioVersion = 17.4.33122.133
MinimumVisualStudioVersion = 10.0.40219.1
Project("{2150E333-8FDC-42A3-9474-1A3956D46DE8}") = "src", "src", "{E19A2480-7688-47E7-957A-18B6F0D40EF1}"
EndProject
Project("{2150E333-8FDC-42A3-9474-1A3956D46DE8}") = "tests", "tests", "{6970ABA4-A9F7-40DC-82F9-11CF4DE87D5E}"
EndProject
Project("{2150E333-8FDC-42A3-9474-1A3956D46DE8}") = "API", "API", "{DF96B113-2AE2-4A5F-A296-DEFE932B1A17}"
EndProject
Project("{2150E333-8FDC-42A3-9474-1A3956D46DE8}") = "BuildingBlocks", "BuildingBlocks", "{6E4D1048-5EFE-4DEC-87A8-C0CC2F85BAC0}"
EndProject
Project("{2150E333-8FDC-42A3-9474-1A3956D46DE8}") = "Modules", "Modules", "{D402F66F-ABCF-4D64-9D76-5EDDF2E6ECF7}"
EndProject
Project("{2150E333-8FDC-42A3-9474-1A3956D46DE8}") = "UserAccess", "UserAccess", "{5250D040-8367-4C44-A7EC-D264C0C5357D}"
EndProject
Project("{9A19103F-16F7-4668-BE54-9A1E7A4F7556}") = "Jookli.Api", "src\API\Jookli.Api\Jookli.Api.csproj", "{45699518-0E56-4C01-B96F-D6893AAF3747}"
EndProject
Project("{9A19103F-16F7-4668-BE54-9A1E7A4F7556}") = "Jookli.BuildingBlocks.Application", "src\BuildingBlocks\Jookli.BuildingBlocks.Application\Jookli.BuildingBlocks.Application.csproj", "{49F866C4-A4B2-48E1-B1F5-7DBBBB8AB415}"
EndProject
Project("{9A19103F-16F7-4668-BE54-9A1E7A4F7556}") = "Jookli.BuildingBlocks.Domain", "src\BuildingBlocks\Jookli.BuildingBlocks.Domain\Jookli.BuildingBlocks.Domain.csproj", "{94223482-7B3C-49BB-BFFA-A3D995553AC2}"
EndProject
Project("{9A19103F-16F7-4668-BE54-9A1E7A4F7556}") = "Jookli.BuildingBlocks.EventBus", "src\BuildingBlocks\Jookli.BuildingBlocks.EventBus\Jookli.BuildingBlocks.EventBus.csproj", "{93884165-40ED-4CC5-9955-269BA7BCA481}"
EndProject
Project("{9A19103F-16F7-4668-BE54-9A1E7A4F7556}") = "Jookli.BuildingBlocks.Infrastructure", "src\BuildingBlocks\Jookli.BuildingBlocks.Infrastructure\Jookli.BuildingBlocks.Infrastructure.csproj", "{B2F0157F-80DD-4D73-A8E9-D024CAB95FE3}"
EndProject
Project("{9A19103F-16F7-4668-BE54-9A1E7A4F7556}") = "Jookli.UserAccess.Application", "src\Modules\UserAccess\Jookli.UserAccess.Application\Jookli.UserAccess.Application.csproj", "{7E450670-BCCF-4BE9-A521-C4FE48052092}"
EndProject
Project("{9A19103F-16F7-4668-BE54-9A1E7A4F7556}") = "Jookli.UserAccess.Domain", "src\Modules\UserAccess\Jookli.UserAccess.Domain\Jookli.UserAccess.Domain.csproj", "{8DD270F4-8514-411A-AE2D-068F4027C169}"
EndProject
Project("{9A19103F-16F7-4668-BE54-9A1E7A4F7556}") = "Jookli.UserAccess.Infrastructure", "src\Modules\UserAccess\Jookli.UserAccess.Infrastructure\Jookli.UserAccess.Infrastructure.csproj", "{5B0CEAE1-4361-40FD-9C29-CE5956D3ABB9}"
EndProject
Project("{2150E333-8FDC-42A3-9474-1A3956D46DE8}") = "Games", "Games", "{6F1BA173-F850-42C3-9BFD-124A7B99219A}"
EndProject
Project("{9A19103F-16F7-4668-BE54-9A1E7A4F7556}") = "Jookli.UserAccess.IntegrationEvents", "src\Modules\UserAccess\Jookli.UserAccess.IntegrationEvents\Jookli.UserAccess.IntegrationEvents.csproj", "{1729E7F9-8ED0-442E-A438-664A26DFB38D}"
EndProject
Project("{9A19103F-16F7-4668-BE54-9A1E7A4F7556}") = "Jookli.Games.Application", "src\Modules\Games\Jookli.Games.Application\Jookli.Games.Application.csproj", "{3A29B582-C63B-44E5-98BD-70DD4509D924}"
EndProject
Project("{9A19103F-16F7-4668-BE54-9A1E7A4F7556}") = "Jookli.Games.Domain", "src\Modules\Games\Jookli.Games.Domain\Jookli.Games.Domain.csproj", "{31D3BFFE-57A1-4DA3-B9ED-D91A6B3173FC}"
EndProject
Project("{9A19103F-16F7-4668-BE54-9A1E7A4F7556}") = "Jookli.Games.Infrastructure", "src\Modules\Games\Jookli.Games.Infrastructure\Jookli.Games.Infrastructure.csproj", "{3509A5D5-0FE0-4748-8645-B6C5A75C99A4}"
EndProject
Project("{9A19103F-16F7-4668-BE54-9A1E7A4F7556}") = "Jookli.Games.IntegrationEvents", "src\Modules\Games\Jookli.Games.IntegrationEvents\Jookli.Games.IntegrationEvents.csproj", "{011E6252-5634-44D0-A012-F301A001840A}"
EndProject
Project("{2150E333-8FDC-42A3-9474-1A3956D46DE8}") = "Payments", "Payments", "{F9BC8DD7-CB5C-4B7F-9DBE-BC12498FBF7D}"
EndProject
Project("{FAE04EC0-301F-11D3-BF4B-00C04F79EFBC}") = "Jookli.Payments.Application", "src\Modules\Payments\Jookli.Payments.Application\Jookli.Payments.Application.csproj", "{3648050E-CECA-4815-BBBE-4FD893291773}"
EndProject
Project("{FAE04EC0-301F-11D3-BF4B-00C04F79EFBC}") = "Jookli.Payments.Infrastructure", "src\Modules\Payments\Jookli.Payments.Infrastructure\Jookli.Payments.Infrastructure.csproj", "{AD1E9A87-94A8-42FD-AEE8-7083F7212EE4}"
EndProject
Project("{FAE04EC0-301F-11D3-BF4B-00C04F79EFBC}") = "Jookli.Payments.Domain", "src\Modules\Payments\Jookli.Payments.Domain\Jookli.Payments.Domain.csproj", "{1064FB7D-B878-446B-9D29-E8DE0D7EE880}"
EndProject
Project("{FAE04EC0-301F-11D3-BF4B-00C04F79EFBC}") = "Jookli.Payments.IntegrationEvents", "src\Modules\Payments\Jookli.Payments.IntegrationEvents\Jookli.Payments.IntegrationEvents.csproj", "{3E51E33B-200F-4ECE-8FE6-ACE46C56E50B}"
EndProject
Global
	GlobalSection(SolutionConfigurationPlatforms) = preSolution
		Debug|Any CPU = Debug|Any CPU
		Release|Any CPU = Release|Any CPU
	EndGlobalSection
	GlobalSection(ProjectConfigurationPlatforms) = postSolution
		{45699518-0E56-4C01-B96F-D6893AAF3747}.Debug|Any CPU.ActiveCfg = Debug|Any CPU
		{45699518-0E56-4C01-B96F-D6893AAF3747}.Debug|Any CPU.Build.0 = Debug|Any CPU
		{45699518-0E56-4C01-B96F-D6893AAF3747}.Release|Any CPU.ActiveCfg = Release|Any CPU
		{45699518-0E56-4C01-B96F-D6893AAF3747}.Release|Any CPU.Build.0 = Release|Any CPU
		{49F866C4-A4B2-48E1-B1F5-7DBBBB8AB415}.Debug|Any CPU.ActiveCfg = Debug|Any CPU
		{49F866C4-A4B2-48E1-B1F5-7DBBBB8AB415}.Debug|Any CPU.Build.0 = Debug|Any CPU
		{49F866C4-A4B2-48E1-B1F5-7DBBBB8AB415}.Release|Any CPU.ActiveCfg = Release|Any CPU
		{49F866C4-A4B2-48E1-B1F5-7DBBBB8AB415}.Release|Any CPU.Build.0 = Release|Any CPU
		{94223482-7B3C-49BB-BFFA-A3D995553AC2}.Debug|Any CPU.ActiveCfg = Debug|Any CPU
		{94223482-7B3C-49BB-BFFA-A3D995553AC2}.Debug|Any CPU.Build.0 = Debug|Any CPU
		{94223482-7B3C-49BB-BFFA-A3D995553AC2}.Release|Any CPU.ActiveCfg = Release|Any CPU
		{94223482-7B3C-49BB-BFFA-A3D995553AC2}.Release|Any CPU.Build.0 = Release|Any CPU
		{93884165-40ED-4CC5-9955-269BA7BCA481}.Debug|Any CPU.ActiveCfg = Debug|Any CPU
		{93884165-40ED-4CC5-9955-269BA7BCA481}.Debug|Any CPU.Build.0 = Debug|Any CPU
		{93884165-40ED-4CC5-9955-269BA7BCA481}.Release|Any CPU.ActiveCfg = Release|Any CPU
		{93884165-40ED-4CC5-9955-269BA7BCA481}.Release|Any CPU.Build.0 = Release|Any CPU
		{B2F0157F-80DD-4D73-A8E9-D024CAB95FE3}.Debug|Any CPU.ActiveCfg = Debug|Any CPU
		{B2F0157F-80DD-4D73-A8E9-D024CAB95FE3}.Debug|Any CPU.Build.0 = Debug|Any CPU
		{B2F0157F-80DD-4D73-A8E9-D024CAB95FE3}.Release|Any CPU.ActiveCfg = Release|Any CPU
		{B2F0157F-80DD-4D73-A8E9-D024CAB95FE3}.Release|Any CPU.Build.0 = Release|Any CPU
		{7E450670-BCCF-4BE9-A521-C4FE48052092}.Debug|Any CPU.ActiveCfg = Debug|Any CPU
		{7E450670-BCCF-4BE9-A521-C4FE48052092}.Debug|Any CPU.Build.0 = Debug|Any CPU
		{7E450670-BCCF-4BE9-A521-C4FE48052092}.Release|Any CPU.ActiveCfg = Release|Any CPU
		{7E450670-BCCF-4BE9-A521-C4FE48052092}.Release|Any CPU.Build.0 = Release|Any CPU
		{8DD270F4-8514-411A-AE2D-068F4027C169}.Debug|Any CPU.ActiveCfg = Debug|Any CPU
		{8DD270F4-8514-411A-AE2D-068F4027C169}.Debug|Any CPU.Build.0 = Debug|Any CPU
		{8DD270F4-8514-411A-AE2D-068F4027C169}.Release|Any CPU.ActiveCfg = Release|Any CPU
		{8DD270F4-8514-411A-AE2D-068F4027C169}.Release|Any CPU.Build.0 = Release|Any CPU
		{5B0CEAE1-4361-40FD-9C29-CE5956D3ABB9}.Debug|Any CPU.ActiveCfg = Debug|Any CPU
		{5B0CEAE1-4361-40FD-9C29-CE5956D3ABB9}.Debug|Any CPU.Build.0 = Debug|Any CPU
		{5B0CEAE1-4361-40FD-9C29-CE5956D3ABB9}.Release|Any CPU.ActiveCfg = Release|Any CPU
		{5B0CEAE1-4361-40FD-9C29-CE5956D3ABB9}.Release|Any CPU.Build.0 = Release|Any CPU
		{1729E7F9-8ED0-442E-A438-664A26DFB38D}.Debug|Any CPU.ActiveCfg = Debug|Any CPU
		{1729E7F9-8ED0-442E-A438-664A26DFB38D}.Debug|Any CPU.Build.0 = Debug|Any CPU
		{1729E7F9-8ED0-442E-A438-664A26DFB38D}.Release|Any CPU.ActiveCfg = Release|Any CPU
		{1729E7F9-8ED0-442E-A438-664A26DFB38D}.Release|Any CPU.Build.0 = Release|Any CPU
		{3A29B582-C63B-44E5-98BD-70DD4509D924}.Debug|Any CPU.ActiveCfg = Debug|Any CPU
		{3A29B582-C63B-44E5-98BD-70DD4509D924}.Debug|Any CPU.Build.0 = Debug|Any CPU
		{3A29B582-C63B-44E5-98BD-70DD4509D924}.Release|Any CPU.ActiveCfg = Release|Any CPU
		{3A29B582-C63B-44E5-98BD-70DD4509D924}.Release|Any CPU.Build.0 = Release|Any CPU
		{31D3BFFE-57A1-4DA3-B9ED-D91A6B3173FC}.Debug|Any CPU.ActiveCfg = Debug|Any CPU
		{31D3BFFE-57A1-4DA3-B9ED-D91A6B3173FC}.Debug|Any CPU.Build.0 = Debug|Any CPU
		{31D3BFFE-57A1-4DA3-B9ED-D91A6B3173FC}.Release|Any CPU.ActiveCfg = Release|Any CPU
		{31D3BFFE-57A1-4DA3-B9ED-D91A6B3173FC}.Release|Any CPU.Build.0 = Release|Any CPU
		{3509A5D5-0FE0-4748-8645-B6C5A75C99A4}.Debug|Any CPU.ActiveCfg = Debug|Any CPU
		{3509A5D5-0FE0-4748-8645-B6C5A75C99A4}.Debug|Any CPU.Build.0 = Debug|Any CPU
		{3509A5D5-0FE0-4748-8645-B6C5A75C99A4}.Release|Any CPU.ActiveCfg = Release|Any CPU
		{3509A5D5-0FE0-4748-8645-B6C5A75C99A4}.Release|Any CPU.Build.0 = Release|Any CPU
		{011E6252-5634-44D0-A012-F301A001840A}.Debug|Any CPU.ActiveCfg = Debug|Any CPU
		{011E6252-5634-44D0-A012-F301A001840A}.Debug|Any CPU.Build.0 = Debug|Any CPU
		{011E6252-5634-44D0-A012-F301A001840A}.Release|Any CPU.ActiveCfg = Release|Any CPU
		{011E6252-5634-44D0-A012-F301A001840A}.Release|Any CPU.Build.0 = Release|Any CPU
		{3648050E-CECA-4815-BBBE-4FD893291773}.Debug|Any CPU.ActiveCfg = Debug|Any CPU
		{3648050E-CECA-4815-BBBE-4FD893291773}.Debug|Any CPU.Build.0 = Debug|Any CPU
		{3648050E-CECA-4815-BBBE-4FD893291773}.Release|Any CPU.ActiveCfg = Release|Any CPU
		{3648050E-CECA-4815-BBBE-4FD893291773}.Release|Any CPU.Build.0 = Release|Any CPU
		{AD1E9A87-94A8-42FD-AEE8-7083F7212EE4}.Debug|Any CPU.ActiveCfg = Debug|Any CPU
		{AD1E9A87-94A8-42FD-AEE8-7083F7212EE4}.Debug|Any CPU.Build.0 = Debug|Any CPU
		{AD1E9A87-94A8-42FD-AEE8-7083F7212EE4}.Release|Any CPU.ActiveCfg = Release|Any CPU
		{AD1E9A87-94A8-42FD-AEE8-7083F7212EE4}.Release|Any CPU.Build.0 = Release|Any CPU
		{1064FB7D-B878-446B-9D29-E8DE0D7EE880}.Debug|Any CPU.ActiveCfg = Debug|Any CPU
		{1064FB7D-B878-446B-9D29-E8DE0D7EE880}.Debug|Any CPU.Build.0 = Debug|Any CPU
		{1064FB7D-B878-446B-9D29-E8DE0D7EE880}.Release|Any CPU.ActiveCfg = Release|Any CPU
		{1064FB7D-B878-446B-9D29-E8DE0D7EE880}.Release|Any CPU.Build.0 = Release|Any CPU
		{3E51E33B-200F-4ECE-8FE6-ACE46C56E50B}.Debug|Any CPU.ActiveCfg = Debug|Any CPU
		{3E51E33B-200F-4ECE-8FE6-ACE46C56E50B}.Debug|Any CPU.Build.0 = Debug|Any CPU
		{3E51E33B-200F-4ECE-8FE6-ACE46C56E50B}.Release|Any CPU.ActiveCfg = Release|Any CPU
		{3E51E33B-200F-4ECE-8FE6-ACE46C56E50B}.Release|Any CPU.Build.0 = Release|Any CPU
	EndGlobalSection
	GlobalSection(SolutionProperties) = preSolution
		HideSolutionNode = FALSE
	EndGlobalSection
	GlobalSection(NestedProjects) = preSolution
		{DF96B113-2AE2-4A5F-A296-DEFE932B1A17} = {E19A2480-7688-47E7-957A-18B6F0D40EF1}
		{6E4D1048-5EFE-4DEC-87A8-C0CC2F85BAC0} = {E19A2480-7688-47E7-957A-18B6F0D40EF1}
		{D402F66F-ABCF-4D64-9D76-5EDDF2E6ECF7} = {E19A2480-7688-47E7-957A-18B6F0D40EF1}
		{5250D040-8367-4C44-A7EC-D264C0C5357D} = {D402F66F-ABCF-4D64-9D76-5EDDF2E6ECF7}
		{45699518-0E56-4C01-B96F-D6893AAF3747} = {DF96B113-2AE2-4A5F-A296-DEFE932B1A17}
		{49F866C4-A4B2-48E1-B1F5-7DBBBB8AB415} = {6E4D1048-5EFE-4DEC-87A8-C0CC2F85BAC0}
		{94223482-7B3C-49BB-BFFA-A3D995553AC2} = {6E4D1048-5EFE-4DEC-87A8-C0CC2F85BAC0}
		{93884165-40ED-4CC5-9955-269BA7BCA481} = {6E4D1048-5EFE-4DEC-87A8-C0CC2F85BAC0}
		{B2F0157F-80DD-4D73-A8E9-D024CAB95FE3} = {6E4D1048-5EFE-4DEC-87A8-C0CC2F85BAC0}
		{7E450670-BCCF-4BE9-A521-C4FE48052092} = {5250D040-8367-4C44-A7EC-D264C0C5357D}
		{8DD270F4-8514-411A-AE2D-068F4027C169} = {5250D040-8367-4C44-A7EC-D264C0C5357D}
		{5B0CEAE1-4361-40FD-9C29-CE5956D3ABB9} = {5250D040-8367-4C44-A7EC-D264C0C5357D}
		{6F1BA173-F850-42C3-9BFD-124A7B99219A} = {D402F66F-ABCF-4D64-9D76-5EDDF2E6ECF7}
		{1729E7F9-8ED0-442E-A438-664A26DFB38D} = {5250D040-8367-4C44-A7EC-D264C0C5357D}
		{3A29B582-C63B-44E5-98BD-70DD4509D924} = {6F1BA173-F850-42C3-9BFD-124A7B99219A}
		{31D3BFFE-57A1-4DA3-B9ED-D91A6B3173FC} = {6F1BA173-F850-42C3-9BFD-124A7B99219A}
		{3509A5D5-0FE0-4748-8645-B6C5A75C99A4} = {6F1BA173-F850-42C3-9BFD-124A7B99219A}
		{011E6252-5634-44D0-A012-F301A001840A} = {6F1BA173-F850-42C3-9BFD-124A7B99219A}
		{F9BC8DD7-CB5C-4B7F-9DBE-BC12498FBF7D} = {D402F66F-ABCF-4D64-9D76-5EDDF2E6ECF7}
		{3648050E-CECA-4815-BBBE-4FD893291773} = {F9BC8DD7-CB5C-4B7F-9DBE-BC12498FBF7D}
		{AD1E9A87-94A8-42FD-AEE8-7083F7212EE4} = {F9BC8DD7-CB5C-4B7F-9DBE-BC12498FBF7D}
		{1064FB7D-B878-446B-9D29-E8DE0D7EE880} = {F9BC8DD7-CB5C-4B7F-9DBE-BC12498FBF7D}
		{3E51E33B-200F-4ECE-8FE6-ACE46C56E50B} = {F9BC8DD7-CB5C-4B7F-9DBE-BC12498FBF7D}
	EndGlobalSection
	GlobalSection(ExtensibilityGlobals) = postSolution
		SolutionGuid = {16D4570E-8509-4038-8064-B67E153DDB0D}
	EndGlobalSection
EndGlobal
